PODS:
  - AFNetworking (3.2.0):
    - AFNetworking/NSURLSession (= 3.2.0)
    - AFNetworking/Reachability (= 3.2.0)
    - AFNetworking/Security (= 3.2.0)
    - AFNetworking/Serialization (= 3.2.0)
    - AFNetworking/UIKit (= 3.2.0)
  - AFNetworking/NSURLSession (3.2.0):
    - AFNetworking/Reachability
    - AFNetworking/Security
    - AFNetworking/Serialization
  - AFNetworking/Reachability (3.2.0)
  - AFNetworking/Security (3.2.0)
  - AFNetworking/Serialization (3.2.0)
  - AFNetworking/UIKit (3.2.0):
    - AFNetworking/NSURLSession
  - DZNEmptyDataSet (1.8.1)
  - iCarousel (1.8.3)
  - IQKeyboardManager (5.0.8)
  - LEEAlert (1.1.5)
  - Masonry (1.1.0)
  - MBProgressHUD (1.1.0)
  - MJExtension (3.0.13)
  - MJRefresh (3.1.15.3)
  - SDCycleScrollView (1.75):
    - SDWebImage (>= 4.0.0)
  - SDWebImage (4.3.3):
    - SDWebImage/Core (= 4.3.3)
  - SDWebImage/Core (4.3.3)
  - SVProgressHUD (2.2.5)
  - TZImagePicker (1.1.6)

DEPENDENCIES:
  - AFNetworking (~> 3.2.0)
  - DZNEmptyDataSet (~> 1.8.1)
  - iCarousel (~> 1.8.3)
  - IQKeyboardManager (~> 5.0.7)
  - LEEAlert (~> 1.1.5)
  - Masonry (~> 1.1.0)
  - MBProgressHUD (~> 1.1.0)
  - MJExtension (~> 3.0.13)
  - MJRefresh (~> 3.1.15.3)
  - SDCycleScrollView (~> 1.75)
  - SDWebImage (~> 4.3.2)
  - SVProgressHUD (~> 2.2.5)
  - TZImagePicker (~> 1.1.6)

SPEC REPOS:
  https://github.com/CocoaPods/Specs.git:
    - AFNetworking
    - DZNEmptyDataSet
    - iCarousel
    - IQKeyboardManager
    - LEEAlert
    - Masonry
    - MBProgressHUD
    - MJExtension
    - MJRefresh
    - SDCycleScrollView
    - SDWebImage
    - SVProgressHUD
    - TZImagePicker

SPEC CHECKSUMS:
  AFNetworking: 8ac6017b94ea105479f7776e5288e48ae9c59bb4
  DZNEmptyDataSet: 9525833b9e68ac21c30253e1d3d7076cc828eaa7
  iCarousel: d782f635afac190c49bb8ee455882284cff8b85f
  IQKeyboardManager: 266cb7b1d11f94a3e71229d77f960f9a1b538e5b
  LEEAlert: e5db9c781a14dbb8d701cfe0f58a56f7a78f35cf
  Masonry: 678fab65091a9290e40e2832a55e7ab731aad201
  MBProgressHUD: e7baa36a220447d8aeb12769bf0585582f3866d9
  MJExtension: 5932755f451458eefa24239358817f8d291240c7
  MJRefresh: b48380ae2b927b46c4ef000de9adb8dc748e1df7
  SDCycleScrollView: 884b88f0266dd4708a0e1934975c69cb971707b1
  SDWebImage: de4d90b5bff3571eae7bd16202b1f43135409fa5
  SVProgressHUD: 1428aafac632c1f86f62aa4243ec12008d7a51d6
  TZImagePicker: 83192d36114ed866f4f94ef3863e609e7dcfcc48

PODFILE CHECKSUM: 5b33b8e34f9b7680b7290b0345ce66095f1d492b

COCOAPODS: 1.5.0
